
Microsoft Visual Studio Solution File, Format Version 12.00
# Visual Studio Version 16
VisualStudioVersion = 16.0.31702.278
MinimumVisualStudioVersion = 10.0.40219.1
Project("{FAE04EC0-301F-11D3-BF4B-00C04F79EFBC}") = "CustomIconRust", "CustomIconRust\CustomIconRust.csproj", "{03CD3A18-686F-4CDA-A261-E78678E1E5E7}"
EndProject
Global
	GlobalSection(SolutionConfigurationPlatforms) = preSolution
		Debug|Any CPU = Debug|Any CPU
		Release|Any CPU = Release|Any CPU
	EndGlobalSection
	GlobalSection(ProjectConfigurationPlatforms) = postSolution
		{03CD3A18-686F-4CDA-A261-E78678E1E5E7}.Debug|Any CPU.ActiveCfg = Debug|Any CPU
		{03CD3A18-686F-4CDA-A261-E78678E1E5E7}.Debug|Any CPU.Build.0 = Debug|Any CPU
		{03CD3A18-686F-4CDA-A261-E78678E1E5E7}.Release|Any CPU.ActiveCfg = Release|Any CPU
		{03CD3A18-686F-4CDA-A261-E78678E1E5E7}.Release|Any CPU.Build.0 = Release|Any CPU
	EndGlobalSection
	GlobalSection(SolutionProperties) = preSolution
		HideSolutionNode = FALSE
	EndGlobalSection
	GlobalSection(ExtensibilityGlobals) = postSolution
		SolutionGuid = {53C43A1F-BE54-40B4-9A11-315E3C2F0AD3}
	EndGlobalSection
EndGlobal
